<Solution>
  <Folder Name="/Ingest/">
    <Project Path="Ingest/Ingest.Api.Tests/Ingest.Api.Tests.csproj" />
    <Project Path="Ingest/Ingest.Api/Ingest.Api.csproj" />
    <Project Path="Ingest/Ingest.OutboxRelay.Tests/Ingest.OutboxRelay.Tests.csproj" />
    <Project Path="Ingest/Ingest.OutboxRelay/Ingest.OutboxRelay.csproj" />
    <Project Path="Ingest/Ingest.Storage/Ingest.Storage.csproj" />
  </Folder>
  <Folder Name="/Notifier/">
    <Project Path="Notifier/Notifier.Connections.Tests/Notifier.Connections.Tests.csproj" />
    <Project Path="Notifier/Notifier.Connections/Notifier.Connections.csproj" />
  </Folder>
  <Project Path="Contracts.Tests/Contracts.Tests.csproj" />
  <Project Path="Contracts/Contracts.csproj" />
</Solution>
